
Microsoft Visual Studio Solution File, Format Version 12.00
# Visual Studio Version 16
VisualStudioVersion = 16.0.31911.196
MinimumVisualStudioVersion = 10.0.40219.1
Project("{9A19103F-16F7-4668-BE54-9A1E7A4F7556}") = "FileFinder", "FileFinder\FileFinder.csproj", "{48E3676F-E85F-4B90-A501-EEC886FA8A0E}"
EndProject
Project("{9A19103F-16F7-4668-BE54-9A1E7A4F7556}") = "MaxElementFinder", "MaxElementFinder\MaxElementFinder.csproj", "{C686F505-44A5-4E6D-8607-0DA2765BD85B}"
EndProject
Global
	GlobalSection(SolutionConfigurationPlatforms) = preSolution
		Debug|Any CPU = Debug|Any CPU
		Release|Any CPU = Release|Any CPU
	EndGlobalSection
	GlobalSection(ProjectConfigurationPlatforms) = postSolution
		{48E3676F-E85F-4B90-A501-EEC886FA8A0E}.Debug|Any CPU.ActiveCfg = Debug|Any CPU
		{48E3676F-E85F-4B90-A501-EEC886FA8A0E}.Debug|Any CPU.Build.0 = Debug|Any CPU
		{48E3676F-E85F-4B90-A501-EEC886FA8A0E}.Release|Any CPU.ActiveCfg = Release|Any CPU
		{48E3676F-E85F-4B90-A501-EEC886FA8A0E}.Release|Any CPU.Build.0 = Release|Any CPU
		{C686F505-44A5-4E6D-8607-0DA2765BD85B}.Debug|Any CPU.ActiveCfg = Debug|Any CPU
		{C686F505-44A5-4E6D-8607-0DA2765BD85B}.Debug|Any CPU.Build.0 = Debug|Any CPU
		{C686F505-44A5-4E6D-8607-0DA2765BD85B}.Release|Any CPU.ActiveCfg = Release|Any CPU
		{C686F505-44A5-4E6D-8607-0DA2765BD85B}.Release|Any CPU.Build.0 = Release|Any CPU
	EndGlobalSection
	GlobalSection(SolutionProperties) = preSolution
		HideSolutionNode = FALSE
	EndGlobalSection
	GlobalSection(ExtensibilityGlobals) = postSolution
		SolutionGuid = {BB2BFC85-1973-4DB9-8FD4-E4B8469A09E4}
	EndGlobalSection
EndGlobal
